
Microsoft Visual Studio Solution File, Format Version 12.00
# Visual Studio Version 16
VisualStudioVersion = 25.0.1705.6
MinimumVisualStudioVersion = 10.0.40219.1
Project("{FAE04EC0-301F-11D3-BF4B-00C04F79EFBC}") = "RuslanInc.Console", "RuslanInc.Console\RuslanInc.Console.csproj", "{DB9A58E1-0978-4C5D-8C8D-2694C22D98B3}"
EndProject
Project("{FAE04EC0-301F-11D3-BF4B-00C04F79EFBC}") = "RuslanInc.Utils", "RuslanInc.Utils\RuslanInc.Utils.csproj", "{ED5CEF17-ABE9-4EFF-A21F-FB46D2880B1F}"
EndProject
Project("{FAE04EC0-301F-11D3-BF4B-00C04F79EFBC}") = "RuslanInc.Tests", "RuslanInc.Tests\RuslanInc.Tests.csproj", "{7AF7C992-43E3-41BE-9A3F-628F6A9BD23A}"
EndProject
Global
	GlobalSection(SolutionConfigurationPlatforms) = preSolution
		Debug|Any CPU = Debug|Any CPU
		Release|Any CPU = Release|Any CPU
	EndGlobalSection
	GlobalSection(ProjectConfigurationPlatforms) = postSolution
		{DB9A58E1-0978-4C5D-8C8D-2694C22D98B3}.Debug|Any CPU.ActiveCfg = Debug|Any CPU
		{DB9A58E1-0978-4C5D-8C8D-2694C22D98B3}.Debug|Any CPU.Build.0 = Debug|Any CPU
		{DB9A58E1-0978-4C5D-8C8D-2694C22D98B3}.Release|Any CPU.ActiveCfg = Release|Any CPU
		{DB9A58E1-0978-4C5D-8C8D-2694C22D98B3}.Release|Any CPU.Build.0 = Release|Any CPU
		{ED5CEF17-ABE9-4EFF-A21F-FB46D2880B1F}.Debug|Any CPU.ActiveCfg = Debug|Any CPU
		{ED5CEF17-ABE9-4EFF-A21F-FB46D2880B1F}.Debug|Any CPU.Build.0 = Debug|Any CPU
		{ED5CEF17-ABE9-4EFF-A21F-FB46D2880B1F}.Release|Any CPU.ActiveCfg = Release|Any CPU
		{ED5CEF17-ABE9-4EFF-A21F-FB46D2880B1F}.Release|Any CPU.Build.0 = Release|Any CPU
		{7AF7C992-43E3-41BE-9A3F-628F6A9BD23A}.Debug|Any CPU.ActiveCfg = Debug|Any CPU
		{7AF7C992-43E3-41BE-9A3F-628F6A9BD23A}.Debug|Any CPU.Build.0 = Debug|Any CPU
		{7AF7C992-43E3-41BE-9A3F-628F6A9BD23A}.Release|Any CPU.ActiveCfg = Release|Any CPU
		{7AF7C992-43E3-41BE-9A3F-628F6A9BD23A}.Release|Any CPU.Build.0 = Release|Any CPU
	EndGlobalSection
	GlobalSection(SolutionProperties) = preSolution
		HideSolutionNode = FALSE
	EndGlobalSection
	GlobalSection(ExtensibilityGlobals) = postSolution
		SolutionGuid = {11657015-A978-4DEB-8412-70C9A04228D7}
	EndGlobalSection
EndGlobal
